// !$*UTF8*$!
{
	archiveVersion = 1;
	classes = {
	};
	objectVersion = 77;
	objects = {

/* Begin PBXBuildFile section */
		009E33C126D7AEEB5A268520 /* DuaCollection.swift in Sources */ = {isa = PBXBuildFile; fileRef = 55EFA2554E918CCE76E9C8AE /* DuaCollection.swift */; };
		0AD058C17BC3CA58BFF0DF87 /* SakinaApp.swift in Sources */ = {isa = PBXBuildFile; fileRef = 4B3F5118924C458398FD37BD /* SakinaApp.swift */; };
		0CBD9F38F6BEFD9E82290F7A /* verses.json in Resources */ = {isa = PBXBuildFile; fileRef = 73BDB5597C502DF9620D4EB9 /* verses.json */; };
		0DE7F7AF274286DE2216C566 /* Supabase in Frameworks */ = {isa = PBXBuildFile; productRef = 01E426943204DBE8911B1492 /* Supabase */; };
		110248806F05C890C56B77DD /* PrayerSchedule.swift in Sources */ = {isa = PBXBuildFile; fileRef = 559F960ED9DDC87C9C69D8EC /* PrayerSchedule.swift */; };
		111B6C1F045304D740B55DC7 /* GuidanceCatalog.swift in Sources */ = {isa = PBXBuildFile; fileRef = 312E1CB6F5C9FAFD3D326703 /* GuidanceCatalog.swift */; };
		11CC438772F912B44768F2F4 /* SakinaWidgets.swift in Sources */ = {isa = PBXBuildFile; fileRef = F0305A74178E3392B59CE373 /* SakinaWidgets.swift */; };
		1209500D8182761B7E34CCF4 /* verses.json in Resources */ = {isa = PBXBuildFile; fileRef = 73BDB5597C502DF9620D4EB9 /* verses.json */; };
		155AE33DAB0F405084AC926E /* ScholarContentService.swift in Sources */ = {isa = PBXBuildFile; fileRef = F299BFA21C2F5DCF8787214F /* ScholarContentService.swift */; };
		156DA27CE4DA3D672C56EC75 /* CompanionAssets.xcassets in Resources */ = {isa = PBXBuildFile; fileRef = DB00823DF2E28F9DFCC13DB5 /* CompanionAssets.xcassets */; };
		16303560416EC40292C59EB7 /* AppIcon76x76@2x.png in Resources */ = {isa = PBXBuildFile; fileRef = 8778E3432F3F2902279E9FC3 /* AppIcon76x76@2x.png */; };
		16D59498864A90DB031B8E7E /* QiblaDirectionTests.swift in Sources */ = {isa = PBXBuildFile; fileRef = 1CA2E48F5FAFD413ECB039FF /* QiblaDirectionTests.swift */; };
		16D963BDEF9A32A7B3F33C6A /* UthmanicHafs.ttf in Resources */ = {isa = PBXBuildFile; fileRef = C176745055C5CEE71C134488 /* UthmanicHafs.ttf */; };
		1B51CB64DCB8D7865F516D44 /* ScholarInsightCard.swift in Sources */ = {isa = PBXBuildFile; fileRef = ACC5C30EB3E6A329189ACDEA /* ScholarInsightCard.swift */; };
		1E9208D4490881F96B16D13D /* AppSettings.swift in Sources */ = {isa = PBXBuildFile; fileRef = BBF88022D366BA9A9E55A231 /* AppSettings.swift */; };
		265ED6CE70F604491EF637A1 /* ScholarContentStore.swift in Sources */ = {isa = PBXBuildFile; fileRef = 0C6CD8FCAA959C4F43A36DBD /* ScholarContentStore.swift */; };
		26A57449A3396F90FF00842A /* PrayerLocationService.swift in Sources */ = {isa = PBXBuildFile; fileRef = 349FECB8CEDBA04B288591DB /* PrayerLocationService.swift */; };
		2905A9C05FE88ACD92AB75D9 /* QuranCatalog.swift in Sources */ = {isa = PBXBuildFile; fileRef = CC07A9B481218431697FE1FB /* QuranCatalog.swift */; };
		29EEFD99CD5E085538793E95 /* PersistenceModels.swift in Sources */ = {isa = PBXBuildFile; fileRef = AB2DE4D23275B34EC57D3143 /* PersistenceModels.swift */; };
		2B2C96A6903E9C8219325E58 /* ContentIntegrityTests.swift in Sources */ = {isa = PBXBuildFile; fileRef = 08BCB593D183591E26DE5FB7 /* ContentIntegrityTests.swift */; };
		2D8BFED61C68743DC6421C01 /* Assets.xcassets in Resources */ = {isa = PBXBuildFile; fileRef = FDC7C33EE9BD89763D8B6372 /* Assets.xcassets */; };
		2D91B346FFDD36D12206FAB2 /* Adhan in Frameworks */ = {isa = PBXBuildFile; productRef = 0F060E45073BCF3C5CC7AB57 /* Adhan */; };
		313752037AA3D4F16064F2C0 /* Theme.swift in Sources */ = {isa = PBXBuildFile; fileRef = 812F742F72217F0819013056 /* Theme.swift */; };
		379837A0AA2806F70FD91E22 /* DailyDuaCatalog.swift in Sources */ = {isa = PBXBuildFile; fileRef = B805C5620A23DD65CA03AF22 /* DailyDuaCatalog.swift */; };
		38FA7F46E6341FD407174CD3 /* GoogleSignIn in Frameworks */ = {isa = PBXBuildFile; productRef = 10800182FDA9B6D0BF263424 /* GoogleSignIn */; };
		3CDC9F223DD539C3873EC49B /* ScholarModels.swift in Sources */ = {isa = PBXBuildFile; fileRef = B54B1E209C22E56BB7116F1D /* ScholarModels.swift */; };
		40B7AFEE220FCE3C7A84CCDB /* RecitationPlayer.swift in Sources */ = {isa = PBXBuildFile; fileRef = D1EFDB8F8C78374354ED876F /* RecitationPlayer.swift */; };
		471C79CC21262DCFA4962856 /* BreathingView.swift in Sources */ = {isa = PBXBuildFile; fileRef = 557A901947C3D7EC37E32441 /* BreathingView.swift */; };
		4D70BE50D9B47BF3AB5843AF /* Localization.swift in Sources */ = {isa = PBXBuildFile; fileRef = 1E8388D70A1ECA4A577E39C7 /* Localization.swift */; };
		4E8C30F6F671A365AFCA22A9 /* SharedStore.swift in Sources */ = {isa = PBXBuildFile; fileRef = D724EF115C34278B04465229 /* SharedStore.swift */; };
		4EB66C91A5D3E7238FE723D6 /* SharedStore.swift in Sources */ = {isa = PBXBuildFile; fileRef = D724EF115C34278B04465229 /* SharedStore.swift */; };
		5406EED7179563DE79A5EC33 /* UthmanicHafs.ttf in Resources */ = {isa = PBXBuildFile; fileRef = 5841023F992C3CE227A0FED5 /* UthmanicHafs.ttf */; };
		568D600BA3A5C94E10F3994C /* ScholarContentTests.swift in Sources */ = {isa = PBXBuildFile; fileRef = 66F99077B44E08519556B221 /* ScholarContentTests.swift */; };
		58FF3A0DE71CD13F5C7D66B9 /* CompanionArtwork.swift in Sources */ = {isa = PBXBuildFile; fileRef = 3E1ED09D1892E6C7656773C0 /* CompanionArtwork.swift */; };
		59C265587864E6B12F96815F /* PrivacyInfo.xcprivacy in Resources */ = {isa = PBXBuildFile; fileRef = 1A0F3FA0D5540DA7C77D239B /* PrivacyInfo.xcprivacy */; };
		5B9AC312B431D661FD5E8C90 /* CompanionWidgetCards.swift in Sources */ = {isa = PBXBuildFile; fileRef = AFC87C7898223217CE931326 /* CompanionWidgetCards.swift */; };
		5CAB6A5F33D61E18312979C2 /* DuaLibrary.swift in Sources */ = {isa = PBXBuildFile; fileRef = 3C923DD523105A8594B87A6E /* DuaLibrary.swift */; };
		5D27632C32DE06E810E1DF0C /* ScholarProfileView.swift in Sources */ = {isa = PBXBuildFile; fileRef = 9FB5CC68230639107231C077 /* ScholarProfileView.swift */; };
		67F08D235D2815305D03F12B /* CompanionWidgetCards.swift in Sources */ = {isa = PBXBuildFile; fileRef = AFC87C7898223217CE931326 /* CompanionWidgetCards.swift */; };
		6E0433F59FDE9E36B2E01F07 /* PrayerTimesService.swift in Sources */ = {isa = PBXBuildFile; fileRef = C987C3A68109AC009EEBE541 /* PrayerTimesService.swift */; };
		70DC51EA2A8BCFC5ECB8AD92 /* AppIcon60x60@3x.png in Resources */ = {isa = PBXBuildFile; fileRef = DFCBD69B0913648D27A8A02D /* AppIcon60x60@3x.png */; };
		79273DED802F044CF9428D97 /* LibraryView.swift in Sources */ = {isa = PBXBuildFile; fileRef = FDD2FB965151F6ABFB349296 /* LibraryView.swift */; };
		7DD514C94AA2A362C6DE0731 /* Components.swift in Sources */ = {isa = PBXBuildFile; fileRef = FAC722F8CCF85D78978CE0E4 /* Components.swift */; };
		7E8760BCABA877D3F3AE7EB9 /* PrivacyInfo.xcprivacy in Resources */ = {isa = PBXBuildFile; fileRef = 5F355B102620352B67622D3F /* PrivacyInfo.xcprivacy */; };
		7EEAB40223E3A47A14EF86F3 /* SakinaWidget.appex in Embed Foundation Extensions */ = {isa = PBXBuildFile; fileRef = B413F95EBD77CF107DB7E169 /* SakinaWidget.appex */; settings = {ATTRIBUTES = (RemoveHeadersOnCopy, ); }; };
		800B415CD53A20B17B287BB0 /* ScholarAvatarView.swift in Sources */ = {isa = PBXBuildFile; fileRef = D130ED4CA267C90CA46E8AE1 /* ScholarAvatarView.swift */; };
		83D618E0890F94D7DB94867F /* ArabicReflections.swift in Sources */ = {isa = PBXBuildFile; fileRef = 75C9DF2B84425747CEB0944C /* ArabicReflections.swift */; };
		8B027AC65EB41B1F2D2B4DC9 /* SituationDetailView.swift in Sources */ = {isa = PBXBuildFile; fileRef = 35A7453DBF8D8E09E7E9D456 /* SituationDetailView.swift */; };
		8B6355859F8D0E0D156095E9 /* PrayerSchedule.swift in Sources */ = {isa = PBXBuildFile; fileRef = 559F960ED9DDC87C9C69D8EC /* PrayerSchedule.swift */; };
		8C11CCF6BDB0B07CEAD67CDD /* CompanionAssets.xcassets in Resources */ = {isa = PBXBuildFile; fileRef = DB00823DF2E28F9DFCC13DB5 /* CompanionAssets.xcassets */; };
		9BA840A2747C4EAC1F7B805A /* DuaPresentation.swift in Sources */ = {isa = PBXBuildFile; fileRef = 8619FCE2F235166D59888042 /* DuaPresentation.swift */; };
		A44FE29C785FF1A9E28099B8 /* QuranCatalog.swift in Sources */ = {isa = PBXBuildFile; fileRef = CC07A9B481218431697FE1FB /* QuranCatalog.swift */; };
		AD738641AE3454FF9383E46B /* DuaReaderView.swift in Sources */ = {isa = PBXBuildFile; fileRef = 90FD9BF64F072510814F514F /* DuaReaderView.swift */; };
		BD511CF0AC2E359324B67CDB /* CompanionWidgetGallery.swift in Sources */ = {isa = PBXBuildFile; fileRef = A3CE619CAE16BAEE05A6B2E7 /* CompanionWidgetGallery.swift */; };
		BDF6F3021D497B78102FB283 /* ExploreView.swift in Sources */ = {isa = PBXBuildFile; fileRef = 5B41F0AE307F238DAE7968EB /* ExploreView.swift */; };
		C062B0C6C0C5CE56004D2E2F /* PrayerCalculationSettings.swift in Sources */ = {isa = PBXBuildFile; fileRef = 3060B4B44BD6373F6EFD9309 /* PrayerCalculationSettings.swift */; };
		C384438352BFFCFCC2C38EB3 /* CompanionContent.swift in Sources */ = {isa = PBXBuildFile; fileRef = C973658D4D60E07B81BABDEA /* CompanionContent.swift */; };
		C6B197E993237A5EDB41F6A3 /* QiblaDirection.swift in Sources */ = {isa = PBXBuildFile; fileRef = E3D2AA171C71838421481B0E /* QiblaDirection.swift */; };
		C859161F9ABFE845E8F2E8F6 /* QiblaView.swift in Sources */ = {isa = PBXBuildFile; fileRef = 09DCBC0B6FE330B25F3B29ED /* QiblaView.swift */; };
		CA714A7FBE9A2C7C722B70C5 /* AppIcon60x60@2x.png in Resources */ = {isa = PBXBuildFile; fileRef = FAA11D5F405A2BF91BEDF0F0 /* AppIcon60x60@2x.png */; };
		CB93F143A65EAF05B9EDBEB9 /* SettingsView.swift in Sources */ = {isa = PBXBuildFile; fileRef = 8FF1EF6DFE596B4EFA06E760 /* SettingsView.swift */; };
		CBFEE1EC2F7993F6967C2AF0 /* GoogleSignInSwift in Frameworks */ = {isa = PBXBuildFile; productRef = B83F0981032609DC4C4FFCD8 /* GoogleSignInSwift */; };
		CD867DF0AB8B4477C9E07412 /* YaqeenAppIntents.swift in Sources */ = {isa = PBXBuildFile; fileRef = D193C36D2030BC5749F9F3DF /* YaqeenAppIntents.swift */; };
		CF47832DDAA9B7075F2E7130 /* CompanionArtworkMapping.swift in Sources */ = {isa = PBXBuildFile; fileRef = 1A2CB131C8671017333ED3B7 /* CompanionArtworkMapping.swift */; };
		D937F68B8E4C477254790CC9 /* PrivacyPolicyView.swift in Sources */ = {isa = PBXBuildFile; fileRef = 11E64B3D2B2CFAC3B5817B80 /* PrivacyPolicyView.swift */; };
		DA77BC635BEA8E048D1DDC66 /* GoogleBackupService.swift in Sources */ = {isa = PBXBuildFile; fileRef = D4B580FC23B29FCF7EDFC789 /* GoogleBackupService.swift */; };
		DD280C7AC1C63868430E5874 /* HomeView.swift in Sources */ = {isa = PBXBuildFile; fileRef = 55F91CDE5E2E74882DCDCBEB /* HomeView.swift */; };
		E0B50D5BB80B49CFA2EBF852 /* NamesOfAllahView.swift in Sources */ = {isa = PBXBuildFile; fileRef = 3FAC198863F571E051A039FD /* NamesOfAllahView.swift */; };
		E2BC353A88E69833E434C15B /* DuasView.swift in Sources */ = {isa = PBXBuildFile; fileRef = 6D8E9F7534AF8651BA82EB9A /* DuasView.swift */; };
		E2D24FAD8D7A59B7B638A8B3 /* CompanionArtwork.swift in Sources */ = {isa = PBXBuildFile; fileRef = 3E1ED09D1892E6C7656773C0 /* CompanionArtwork.swift */; };
		E4DACF7F33F1A2DEB05EC6D9 /* AboutView.swift in Sources */ = {isa = PBXBuildFile; fileRef = C94B8B0D7FA881C025CBEEAA /* AboutView.swift */; };
		F135024E94DDFFB6602F722F /* OttomanGeometry.swift in Sources */ = {isa = PBXBuildFile; fileRef = 9A0A3ED82BE80822A5DD6F30 /* OttomanGeometry.swift */; };
		F4441890D4E6E2D3A5348B81 /* QiblaCompassModel.swift in Sources */ = {isa = PBXBuildFile; fileRef = 8DFEF2C5DA9B7782DA0A5B63 /* QiblaCompassModel.swift */; };
		F80D8D20BAECC03475FEA5C4 /* DuaCollectionTests.swift in Sources */ = {isa = PBXBuildFile; fileRef = 091EF70E03B8E1FAE35CF613 /* DuaCollectionTests.swift */; };
		FC618310ADF2D46E9E79D12B /* QuickGuidanceView.swift in Sources */ = {isa = PBXBuildFile; fileRef = 477A197493D3A21DDCD93754 /* QuickGuidanceView.swift */; };
		E7CEC14CCD05B705BA4E80C8 /* Haptics.swift in Sources */ = {isa = PBXBuildFile; fileRef = B848644891880C8D720EB03E /* Haptics.swift */; };
		C75554E6F033D6F8E5259D27 /* SupportView.swift in Sources */ = {isa = PBXBuildFile; fileRef = FFC51FFE16AFA094EEA98311 /* SupportView.swift */; };
		84684F61CB728D5EDCC09E51 /* DailyGoals.swift in Sources */ = {isa = PBXBuildFile; fileRef = B2E6EF8B02F2D7E65B31AF51 /* DailyGoals.swift */; };
		9CA187197D602825117FF6C2 /* DailyGoalsView.swift in Sources */ = {isa = PBXBuildFile; fileRef = 55AF880D953C5A934ED02E3B /* DailyGoalsView.swift */; };
		9A10540E6E4A584FBBAFE3B5 /* DhikrCatalog.swift in Sources */ = {isa = PBXBuildFile; fileRef = 6B7CD3F8A1DC3C9A71577104 /* DhikrCatalog.swift */; };
		2AC029276CDF3F89448161BC /* DhikrCounterView.swift in Sources */ = {isa = PBXBuildFile; fileRef = FCDD2EAE72F0C2BAE32BFE02 /* DhikrCounterView.swift */; };
		42F7A4103BBA37AE8D50266F /* AdhkarBenefitsView.swift in Sources */ = {isa = PBXBuildFile; fileRef = CAA3170D63C45A4BD9329844 /* AdhkarBenefitsView.swift */; };
		93831208CEBBDA06F81B6CA2 /* NearbyPlacesService.swift in Sources */ = {isa = PBXBuildFile; fileRef = 7193F35EB028C006F850B94A /* NearbyPlacesService.swift */; };
		81096E8FC0B3255A906CFAA9 /* NearbyPlacesView.swift in Sources */ = {isa = PBXBuildFile; fileRef = 5C0E22951738888CDF77C1B0 /* NearbyPlacesView.swift */; };
		11CA701C23621A1A10CF2229 /* RuqyahCatalog.swift in Sources */ = {isa = PBXBuildFile; fileRef = EFE880EDD0E477B6F2D9A3FC /* RuqyahCatalog.swift */; };
		FCA3976C1D60CD8BF51624F6 /* RuqyahView.swift in Sources */ = {isa = PBXBuildFile; fileRef = 5C0A6E8367F2F884BD618BBB /* RuqyahView.swift */; };
		890C7E4721106661A6EB936F /* ruqyah.json in Resources */ = {isa = PBXBuildFile; fileRef = F870CB07E982A87E9972E481 /* ruqyah.json */; };
/* End PBXBuildFile section */

/* Begin PBXContainerItemProxy section */
		374471ED96F6BD4F208F4033 /* PBXContainerItemProxy */ = {
			isa = PBXContainerItemProxy;
			containerPortal = 88899939C2BB8C3FE39552E4 /* Project object */;
			proxyType = 1;
			remoteGlobalIDString = CD6C6F3D7C0E02CBAA99F657;
			remoteInfo = SakinaWidget;
		};
		5137B19C9884C0FAB93F8B8D /* PBXContainerItemProxy */ = {
			isa = PBXContainerItemProxy;
			containerPortal = 88899939C2BB8C3FE39552E4 /* Project object */;
			proxyType = 1;
			remoteGlobalIDString = 7D955DD9E5580C5B48EA8329;
			remoteInfo = Sakina;
		};
/* End PBXContainerItemProxy section */

/* Begin PBXCopyFilesBuildPhase section */
		480B0EC1388777D732A6BA51 /* Embed Foundation Extensions */ = {
			isa = PBXCopyFilesBuildPhase;
			buildActionMask = 2147483647;
			dstPath = "";
			dstSubfolderSpec = 13;
			files = (
				7EEAB40223E3A47A14EF86F3 /* SakinaWidget.appex in Embed Foundation Extensions */,
			);
			name = "Embed Foundation Extensions";
			runOnlyForDeploymentPostprocessing = 0;
		};
/* End PBXCopyFilesBuildPhase section */

/* Begin PBXFileReference section */
		01CC3D827731B1C14D47EF40 /* SakinaWidget.entitlements */ = {isa = PBXFileReference; lastKnownFileType = text.plist.entitlements; path = SakinaWidget.entitlements; sourceTree = "<group>"; };
		08BCB593D183591E26DE5FB7 /* ContentIntegrityTests.swift */ = {isa = PBXFileReference; lastKnownFileType = sourcecode.swift; path = ContentIntegrityTests.swift; sourceTree = "<group>"; };
		091EF70E03B8E1FAE35CF613 /* DuaCollectionTests.swift */ = {isa = PBXFileReference; lastKnownFileType = sourcecode.swift; path = DuaCollectionTests.swift; sourceTree = "<group>"; };
		09DCBC0B6FE330B25F3B29ED /* QiblaView.swift */ = {isa = PBXFileReference; lastKnownFileType = sourcecode.swift; path = QiblaView.swift; sourceTree = "<group>"; };
		0C6CD8FCAA959C4F43A36DBD /* ScholarContentStore.swift */ = {isa = PBXFileReference; lastKnownFileType = sourcecode.swift; path = ScholarContentStore.swift; sourceTree = "<group>"; };
		11E64B3D2B2CFAC3B5817B80 /* PrivacyPolicyView.swift */ = {isa = PBXFileReference; lastKnownFileType = sourcecode.swift; path = PrivacyPolicyView.swift; sourceTree = "<group>"; };
		1A0F3FA0D5540DA7C77D239B /* PrivacyInfo.xcprivacy */ = {isa = PBXFileReference; path = PrivacyInfo.xcprivacy; sourceTree = "<group>"; };
		1A2CB131C8671017333ED3B7 /* CompanionArtworkMapping.swift */ = {isa = PBXFileReference; lastKnownFileType = sourcecode.swift; path = CompanionArtworkMapping.swift; sourceTree = "<group>"; };
		1CA2E48F5FAFD413ECB039FF /* QiblaDirectionTests.swift */ = {isa = PBXFileReference; lastKnownFileType = sourcecode.swift; path = QiblaDirectionTests.swift; sourceTree = "<group>"; };
		1E8388D70A1ECA4A577E39C7 /* Localization.swift */ = {isa = PBXFileReference; lastKnownFileType = sourcecode.swift; path = Localization.swift; sourceTree = "<group>"; };
		255BBB08ACC101A1DC06AEAF /* Sakina.app */ = {isa = PBXFileReference; includeInIndex = 0; lastKnownFileType = wrapper.application; path = Sakina.app; sourceTree = BUILT_PRODUCTS_DIR; };
		3060B4B44BD6373F6EFD9309 /* PrayerCalculationSettings.swift */ = {isa = PBXFileReference; lastKnownFileType = sourcecode.swift; path = PrayerCalculationSettings.swift; sourceTree = "<group>"; };
		312E1CB6F5C9FAFD3D326703 /* GuidanceCatalog.swift */ = {isa = PBXFileReference; lastKnownFileType = sourcecode.swift; path = GuidanceCatalog.swift; sourceTree = "<group>"; };
		349FECB8CEDBA04B288591DB /* PrayerLocationService.swift */ = {isa = PBXFileReference; lastKnownFileType = sourcecode.swift; path = PrayerLocationService.swift; sourceTree = "<group>"; };
		35A7453DBF8D8E09E7E9D456 /* SituationDetailView.swift */ = {isa = PBXFileReference; lastKnownFileType = sourcecode.swift; path = SituationDetailView.swift; sourceTree = "<group>"; };
		3C923DD523105A8594B87A6E /* DuaLibrary.swift */ = {isa = PBXFileReference; lastKnownFileType = sourcecode.swift; path = DuaLibrary.swift; sourceTree = "<group>"; };
		3E1ED09D1892E6C7656773C0 /* CompanionArtwork.swift */ = {isa = PBXFileReference; lastKnownFileType = sourcecode.swift; path = CompanionArtwork.swift; sourceTree = "<group>"; };
		3FAC198863F571E051A039FD /* NamesOfAllahView.swift */ = {isa = PBXFileReference; lastKnownFileType = sourcecode.swift; path = NamesOfAllahView.swift; sourceTree = "<group>"; };
		477A197493D3A21DDCD93754 /* QuickGuidanceView.swift */ = {isa = PBXFileReference; lastKnownFileType = sourcecode.swift; path = QuickGuidanceView.swift; sourceTree = "<group>"; };
		4B3F5118924C458398FD37BD /* SakinaApp.swift */ = {isa = PBXFileReference; lastKnownFileType = sourcecode.swift; path = SakinaApp.swift; sourceTree = "<group>"; };
		4E8F6FBD6690F33853748BD8 /* Info.plist */ = {isa = PBXFileReference; lastKnownFileType = text.plist; path = Info.plist; sourceTree = "<group>"; };
		557A901947C3D7EC37E32441 /* BreathingView.swift */ = {isa = PBXFileReference; lastKnownFileType = sourcecode.swift; path = BreathingView.swift; sourceTree = "<group>"; };
		559F960ED9DDC87C9C69D8EC /* PrayerSchedule.swift */ = {isa = PBXFileReference; lastKnownFileType = sourcecode.swift; path = PrayerSchedule.swift; sourceTree = "<group>"; };
		55EFA2554E918CCE76E9C8AE /* DuaCollection.swift */ = {isa = PBXFileReference; lastKnownFileType = sourcecode.swift; path = DuaCollection.swift; sourceTree = "<group>"; };
		55F91CDE5E2E74882DCDCBEB /* HomeView.swift */ = {isa = PBXFileReference; lastKnownFileType = sourcecode.swift; path = HomeView.swift; sourceTree = "<group>"; };
		5841023F992C3CE227A0FED5 /* UthmanicHafs.ttf */ = {isa = PBXFileReference; lastKnownFileType = file; path = UthmanicHafs.ttf; sourceTree = "<group>"; };
		5B41F0AE307F238DAE7968EB /* ExploreView.swift */ = {isa = PBXFileReference; lastKnownFileType = sourcecode.swift; path = ExploreView.swift; sourceTree = "<group>"; };
		5F355B102620352B67622D3F /* PrivacyInfo.xcprivacy */ = {isa = PBXFileReference; path = PrivacyInfo.xcprivacy; sourceTree = "<group>"; };
		66F99077B44E08519556B221 /* ScholarContentTests.swift */ = {isa = PBXFileReference; lastKnownFileType = sourcecode.swift; path = ScholarContentTests.swift; sourceTree = "<group>"; };
		6D8E9F7534AF8651BA82EB9A /* DuasView.swift */ = {isa = PBXFileReference; lastKnownFileType = sourcecode.swift; path = DuasView.swift; sourceTree = "<group>"; };
		73BDB5597C502DF9620D4EB9 /* verses.json */ = {isa = PBXFileReference; lastKnownFileType = text.json; path = verses.json; sourceTree = "<group>"; };
		75C9DF2B84425747CEB0944C /* ArabicReflections.swift */ = {isa = PBXFileReference; lastKnownFileType = sourcecode.swift; path = ArabicReflections.swift; sourceTree = "<group>"; };
		812F742F72217F0819013056 /* Theme.swift */ = {isa = PBXFileReference; lastKnownFileType = sourcecode.swift; path = Theme.swift; sourceTree = "<group>"; };
		8619FCE2F235166D59888042 /* DuaPresentation.swift */ = {isa = PBXFileReference; lastKnownFileType = sourcecode.swift; path = DuaPresentation.swift; sourceTree = "<group>"; };
		8778E3432F3F2902279E9FC3 /* AppIcon76x76@2x.png */ = {isa = PBXFileReference; lastKnownFileType = image.png; path = "AppIcon76x76@2x.png"; sourceTree = "<group>"; };
		8DFEF2C5DA9B7782DA0A5B63 /* QiblaCompassModel.swift */ = {isa = PBXFileReference; lastKnownFileType = sourcecode.swift; path = QiblaCompassModel.swift; sourceTree = "<group>"; };
		8FF1EF6DFE596B4EFA06E760 /* SettingsView.swift */ = {isa = PBXFileReference; lastKnownFileType = sourcecode.swift; path = SettingsView.swift; sourceTree = "<group>"; };
		90FD9BF64F072510814F514F /* DuaReaderView.swift */ = {isa = PBXFileReference; lastKnownFileType = sourcecode.swift; path = DuaReaderView.swift; sourceTree = "<group>"; };
		9162A56A57E5DC9D205C411C /* Info.plist */ = {isa = PBXFileReference; lastKnownFileType = text.plist; path = Info.plist; sourceTree = "<group>"; };
		9A0A3ED82BE80822A5DD6F30 /* OttomanGeometry.swift */ = {isa = PBXFileReference; lastKnownFileType = sourcecode.swift; path = OttomanGeometry.swift; sourceTree = "<group>"; };
		9FB5CC68230639107231C077 /* ScholarProfileView.swift */ = {isa = PBXFileReference; lastKnownFileType = sourcecode.swift; path = ScholarProfileView.swift; sourceTree = "<group>"; };
		A3CE619CAE16BAEE05A6B2E7 /* CompanionWidgetGallery.swift */ = {isa = PBXFileReference; lastKnownFileType = sourcecode.swift; path = CompanionWidgetGallery.swift; sourceTree = "<group>"; };
		AB2DE4D23275B34EC57D3143 /* PersistenceModels.swift */ = {isa = PBXFileReference; lastKnownFileType = sourcecode.swift; path = PersistenceModels.swift; sourceTree = "<group>"; };
		ACC5C30EB3E6A329189ACDEA /* ScholarInsightCard.swift */ = {isa = PBXFileReference; lastKnownFileType = sourcecode.swift; path = ScholarInsightCard.swift; sourceTree = "<group>"; };
		AFC87C7898223217CE931326 /* CompanionWidgetCards.swift */ = {isa = PBXFileReference; lastKnownFileType = sourcecode.swift; path = CompanionWidgetCards.swift; sourceTree = "<group>"; };
		B413F95EBD77CF107DB7E169 /* SakinaWidget.appex */ = {isa = PBXFileReference; includeInIndex = 0; lastKnownFileType = "wrapper.app-extension"; path = SakinaWidget.appex; sourceTree = BUILT_PRODUCTS_DIR; };
		B54B1E209C22E56BB7116F1D /* ScholarModels.swift */ = {isa = PBXFileReference; lastKnownFileType = sourcecode.swift; path = ScholarModels.swift; sourceTree = "<group>"; };
		B805C5620A23DD65CA03AF22 /* DailyDuaCatalog.swift */ = {isa = PBXFileReference; lastKnownFileType = sourcecode.swift; path = DailyDuaCatalog.swift; sourceTree = "<group>"; };
		BBF88022D366BA9A9E55A231 /* AppSettings.swift */ = {isa = PBXFileReference; lastKnownFileType = sourcecode.swift; path = AppSettings.swift; sourceTree = "<group>"; };
		C176745055C5CEE71C134488 /* UthmanicHafs.ttf */ = {isa = PBXFileReference; lastKnownFileType = file; path = UthmanicHafs.ttf; sourceTree = "<group>"; };
		C94B8B0D7FA881C025CBEEAA /* AboutView.swift */ = {isa = PBXFileReference; lastKnownFileType = sourcecode.swift; path = AboutView.swift; sourceTree = "<group>"; };
		C973658D4D60E07B81BABDEA /* CompanionContent.swift */ = {isa = PBXFileReference; lastKnownFileType = sourcecode.swift; path = CompanionContent.swift; sourceTree = "<group>"; };
		C987C3A68109AC009EEBE541 /* PrayerTimesService.swift */ = {isa = PBXFileReference; lastKnownFileType = sourcecode.swift; path = PrayerTimesService.swift; sourceTree = "<group>"; };
		CC07A9B481218431697FE1FB /* QuranCatalog.swift */ = {isa = PBXFileReference; lastKnownFileType = sourcecode.swift; path = QuranCatalog.swift; sourceTree = "<group>"; };
		D130ED4CA267C90CA46E8AE1 /* ScholarAvatarView.swift */ = {isa = PBXFileReference; lastKnownFileType = sourcecode.swift; path = ScholarAvatarView.swift; sourceTree = "<group>"; };
		D193C36D2030BC5749F9F3DF /* YaqeenAppIntents.swift */ = {isa = PBXFileReference; lastKnownFileType = sourcecode.swift; path = YaqeenAppIntents.swift; sourceTree = "<group>"; };
		D1EFDB8F8C78374354ED876F /* RecitationPlayer.swift */ = {isa = PBXFileReference; lastKnownFileType = sourcecode.swift; path = RecitationPlayer.swift; sourceTree = "<group>"; };
		D4B580FC23B29FCF7EDFC789 /* GoogleBackupService.swift */ = {isa = PBXFileReference; lastKnownFileType = sourcecode.swift; path = GoogleBackupService.swift; sourceTree = "<group>"; };
		D724EF115C34278B04465229 /* SharedStore.swift */ = {isa = PBXFileReference; lastKnownFileType = sourcecode.swift; path = SharedStore.swift; sourceTree = "<group>"; };
		DB00823DF2E28F9DFCC13DB5 /* CompanionAssets.xcassets */ = {isa = PBXFileReference; lastKnownFileType = folder.assetcatalog; path = CompanionAssets.xcassets; sourceTree = "<group>"; };
		DFCBD69B0913648D27A8A02D /* AppIcon60x60@3x.png */ = {isa = PBXFileReference; lastKnownFileType = image.png; path = "AppIcon60x60@3x.png"; sourceTree = "<group>"; };
		E3D2AA171C71838421481B0E /* QiblaDirection.swift */ = {isa = PBXFileReference; lastKnownFileType = sourcecode.swift; path = QiblaDirection.swift; sourceTree = "<group>"; };
		EE11737D69D6C70B0031887F /* Sakina.entitlements */ = {isa = PBXFileReference; lastKnownFileType = text.plist.entitlements; path = Sakina.entitlements; sourceTree = "<group>"; };
		F0305A74178E3392B59CE373 /* SakinaWidgets.swift */ = {isa = PBXFileReference; lastKnownFileType = sourcecode.swift; path = SakinaWidgets.swift; sourceTree = "<group>"; };
		F299BFA21C2F5DCF8787214F /* ScholarContentService.swift */ = {isa = PBXFileReference; lastKnownFileType = sourcecode.swift; path = ScholarContentService.swift; sourceTree = "<group>"; };
		F7B3A51A46FABC829AB83F94 /* SakinaTests.xctest */ = {isa = PBXFileReference; includeInIndex = 0; lastKnownFileType = wrapper.cfbundle; path = SakinaTests.xctest; sourceTree = BUILT_PRODUCTS_DIR; };
		FAA11D5F405A2BF91BEDF0F0 /* AppIcon60x60@2x.png */ = {isa = PBXFileReference; lastKnownFileType = image.png; path = "AppIcon60x60@2x.png"; sourceTree = "<group>"; };
		FAC722F8CCF85D78978CE0E4 /* Components.swift */ = {isa = PBXFileReference; lastKnownFileType = sourcecode.swift; path = Components.swift; sourceTree = "<group>"; };
		FDC7C33EE9BD89763D8B6372 /* Assets.xcassets */ = {isa = PBXFileReference; lastKnownFileType = folder.assetcatalog; path = Assets.xcassets; sourceTree = "<group>"; };
		FDD2FB965151F6ABFB349296 /* LibraryView.swift */ = {isa = PBXFileReference; lastKnownFileType = sourcecode.swift; path = LibraryView.swift; sourceTree = "<group>"; };
		B848644891880C8D720EB03E /* Haptics.swift */ = {isa = PBXFileReference; lastKnownFileType = sourcecode.swift; path = Haptics.swift; sourceTree = "<group>"; };
		FFC51FFE16AFA094EEA98311 /* SupportView.swift */ = {isa = PBXFileReference; lastKnownFileType = sourcecode.swift; path = SupportView.swift; sourceTree = "<group>"; };
		B2E6EF8B02F2D7E65B31AF51 /* DailyGoals.swift */ = {isa = PBXFileReference; lastKnownFileType = sourcecode.swift; path = DailyGoals.swift; sourceTree = "<group>"; };
		55AF880D953C5A934ED02E3B /* DailyGoalsView.swift */ = {isa = PBXFileReference; lastKnownFileType = sourcecode.swift; path = DailyGoalsView.swift; sourceTree = "<group>"; };
		6B7CD3F8A1DC3C9A71577104 /* DhikrCatalog.swift */ = {isa = PBXFileReference; lastKnownFileType = sourcecode.swift; path = DhikrCatalog.swift; sourceTree = "<group>"; };
		FCDD2EAE72F0C2BAE32BFE02 /* DhikrCounterView.swift */ = {isa = PBXFileReference; lastKnownFileType = sourcecode.swift; path = DhikrCounterView.swift; sourceTree = "<group>"; };
		CAA3170D63C45A4BD9329844 /* AdhkarBenefitsView.swift */ = {isa = PBXFileReference; lastKnownFileType = sourcecode.swift; path = AdhkarBenefitsView.swift; sourceTree = "<group>"; };
		7193F35EB028C006F850B94A /* NearbyPlacesService.swift */ = {isa = PBXFileReference; lastKnownFileType = sourcecode.swift; path = NearbyPlacesService.swift; sourceTree = "<group>"; };
		5C0E22951738888CDF77C1B0 /* NearbyPlacesView.swift */ = {isa = PBXFileReference; lastKnownFileType = sourcecode.swift; path = NearbyPlacesView.swift; sourceTree = "<group>"; };
		EFE880EDD0E477B6F2D9A3FC /* RuqyahCatalog.swift */ = {isa = PBXFileReference; lastKnownFileType = sourcecode.swift; path = RuqyahCatalog.swift; sourceTree = "<group>"; };
		5C0A6E8367F2F884BD618BBB /* RuqyahView.swift */ = {isa = PBXFileReference; lastKnownFileType = sourcecode.swift; path = RuqyahView.swift; sourceTree = "<group>"; };
		F870CB07E982A87E9972E481 /* ruqyah.json */ = {isa = PBXFileReference; lastKnownFileType = text.json; path = ruqyah.json; sourceTree = "<group>"; };
/* End PBXFileReference section */

/* Begin PBXFrameworksBuildPhase section */
		5D35E90D29A47504F1B306B2 /* Frameworks */ = {
			isa = PBXFrameworksBuildPhase;
			buildActionMask = 2147483647;
			files = (
				2D91B346FFDD36D12206FAB2 /* Adhan in Frameworks */,
				38FA7F46E6341FD407174CD3 /* GoogleSignIn in Frameworks */,
				CBFEE1EC2F7993F6967C2AF0 /* GoogleSignInSwift in Frameworks */,
				0DE7F7AF274286DE2216C566 /* Supabase in Frameworks */,
			);
			runOnlyForDeploymentPostprocessing = 0;
		};
/* End PBXFrameworksBuildPhase section */

/* Begin PBXGroup section */
		0B0686EE7B77AE81B240CB33 /* SakinaTests */ = {
			isa = PBXGroup;
			children = (
				08BCB593D183591E26DE5FB7 /* ContentIntegrityTests.swift */,
				091EF70E03B8E1FAE35CF613 /* DuaCollectionTests.swift */,
				1CA2E48F5FAFD413ECB039FF /* QiblaDirectionTests.swift */,
				66F99077B44E08519556B221 /* ScholarContentTests.swift */,
			);
			path = SakinaTests;
			sourceTree = "<group>";
		};
		186B83C6E2C60F40225AE1F5 /* Account */ = {
			isa = PBXGroup;
			children = (
				D4B580FC23B29FCF7EDFC789 /* GoogleBackupService.swift */,
			);
			path = Account;
			sourceTree = "<group>";
		};
		19812B5D9562EE1E59EDEA0C /* Theme */ = {
			isa = PBXGroup;
			children = (
				B848644891880C8D720EB03E /* Haptics.swift */,
				1A2CB131C8671017333ED3B7 /* CompanionArtworkMapping.swift */,
				FAC722F8CCF85D78978CE0E4 /* Components.swift */,
				9A0A3ED82BE80822A5DD6F30 /* OttomanGeometry.swift */,
				812F742F72217F0819013056 /* Theme.swift */,
			);
			path = Theme;
			sourceTree = "<group>";
		};
		2247109231C9D1F1488ECC7A /* SakinaWidget */ = {
			isa = PBXGroup;
			children = (
				9162A56A57E5DC9D205C411C /* Info.plist */,
				5F355B102620352B67622D3F /* PrivacyInfo.xcprivacy */,
				01CC3D827731B1C14D47EF40 /* SakinaWidget.entitlements */,
				F0305A74178E3392B59CE373 /* SakinaWidgets.swift */,
				C176745055C5CEE71C134488 /* UthmanicHafs.ttf */,
			);
			path = SakinaWidget;
			sourceTree = "<group>";
		};
		38A2A38FC8AA0501536C7A44 /* Audio */ = {
			isa = PBXGroup;
			children = (
				D1EFDB8F8C78374354ED876F /* RecitationPlayer.swift */,
			);
			path = Audio;
			sourceTree = "<group>";
		};
		4437C01E203EBF9D07991845 /* Resources */ = {
			isa = PBXGroup;
			children = (
				F870CB07E982A87E9972E481 /* ruqyah.json */,
				73BDB5597C502DF9620D4EB9 /* verses.json */,
			);
			path = Resources;
			sourceTree = "<group>";
		};
		484A453D2163B21B88B23BAE /* Shared */ = {
			isa = PBXGroup;
			children = (
				75C9DF2B84425747CEB0944C /* ArabicReflections.swift */,
				3E1ED09D1892E6C7656773C0 /* CompanionArtwork.swift */,
				DB00823DF2E28F9DFCC13DB5 /* CompanionAssets.xcassets */,
				C973658D4D60E07B81BABDEA /* CompanionContent.swift */,
				AFC87C7898223217CE931326 /* CompanionWidgetCards.swift */,
				312E1CB6F5C9FAFD3D326703 /* GuidanceCatalog.swift */,
				1E8388D70A1ECA4A577E39C7 /* Localization.swift */,
				559F960ED9DDC87C9C69D8EC /* PrayerSchedule.swift */,
				CC07A9B481218431697FE1FB /* QuranCatalog.swift */,
				D724EF115C34278B04465229 /* SharedStore.swift */,
				4437C01E203EBF9D07991845 /* Resources */,
			);
			path = Shared;
			sourceTree = "<group>";
		};
		61AE7423F7D60F869780E3C5 /* Scholar */ = {
			isa = PBXGroup;
			children = (
				D130ED4CA267C90CA46E8AE1 /* ScholarAvatarView.swift */,
				F299BFA21C2F5DCF8787214F /* ScholarContentService.swift */,
				0C6CD8FCAA959C4F43A36DBD /* ScholarContentStore.swift */,
				ACC5C30EB3E6A329189ACDEA /* ScholarInsightCard.swift */,
				B54B1E209C22E56BB7116F1D /* ScholarModels.swift */,
				9FB5CC68230639107231C077 /* ScholarProfileView.swift */,
			);
			path = Scholar;
			sourceTree = "<group>";
		};
		70DD59E3CD4DD2A34F3BCD38 /* App */ = {
			isa = PBXGroup;
			children = (
				BBF88022D366BA9A9E55A231 /* AppSettings.swift */,
				4B3F5118924C458398FD37BD /* SakinaApp.swift */,
				D193C36D2030BC5749F9F3DF /* YaqeenAppIntents.swift */,
			);
			path = App;
			sourceTree = "<group>";
		};
		7138DB978D217575B65C56EE /* Products */ = {
			isa = PBXGroup;
			children = (
				255BBB08ACC101A1DC06AEAF /* Sakina.app */,
				F7B3A51A46FABC829AB83F94 /* SakinaTests.xctest */,
				B413F95EBD77CF107DB7E169 /* SakinaWidget.appex */,
			);
			name = Products;
			sourceTree = "<group>";
		};
		A354EE3BD140BE82E6E1465C /* Qibla */ = {
			isa = PBXGroup;
			children = (
				8DFEF2C5DA9B7782DA0A5B63 /* QiblaCompassModel.swift */,
				E3D2AA171C71838421481B0E /* QiblaDirection.swift */,
				09DCBC0B6FE330B25F3B29ED /* QiblaView.swift */,
			);
			path = Qibla;
			sourceTree = "<group>";
		};
		B89397B5429CF38946FA3E34 /* Models */ = {
			isa = PBXGroup;
			children = (
				AB2DE4D23275B34EC57D3143 /* PersistenceModels.swift */,
			);
			path = Models;
			sourceTree = "<group>";
		};
		B8948ECB5F0BE6D477479CF1 /* Duas */ = {
			isa = PBXGroup;
			children = (
				5C0A6E8367F2F884BD618BBB /* RuqyahView.swift */,
				EFE880EDD0E477B6F2D9A3FC /* RuqyahCatalog.swift */,
				CAA3170D63C45A4BD9329844 /* AdhkarBenefitsView.swift */,
				FCDD2EAE72F0C2BAE32BFE02 /* DhikrCounterView.swift */,
				6B7CD3F8A1DC3C9A71577104 /* DhikrCatalog.swift */,
				B805C5620A23DD65CA03AF22 /* DailyDuaCatalog.swift */,
				55EFA2554E918CCE76E9C8AE /* DuaCollection.swift */,
				3C923DD523105A8594B87A6E /* DuaLibrary.swift */,
				8619FCE2F235166D59888042 /* DuaPresentation.swift */,
				90FD9BF64F072510814F514F /* DuaReaderView.swift */,
				6D8E9F7534AF8651BA82EB9A /* DuasView.swift */,
				3FAC198863F571E051A039FD /* NamesOfAllahView.swift */,
			);
			path = Duas;
			sourceTree = "<group>";
		};
		B93F6325AA3519B8C0B38F26 = {
			isa = PBXGroup;
			children = (
				E7765FE3C400A4D239818254 /* Sakina */,
				0B0686EE7B77AE81B240CB33 /* SakinaTests */,
				2247109231C9D1F1488ECC7A /* SakinaWidget */,
				484A453D2163B21B88B23BAE /* Shared */,
				7138DB978D217575B65C56EE /* Products */,
			);
			sourceTree = "<group>";
		};
		C05A71F312F6DAB97685A9B7 /* Resources */ = {
			isa = PBXGroup;
			children = (
				FAA11D5F405A2BF91BEDF0F0 /* AppIcon60x60@2x.png */,
				DFCBD69B0913648D27A8A02D /* AppIcon60x60@3x.png */,
				8778E3432F3F2902279E9FC3 /* AppIcon76x76@2x.png */,
				5841023F992C3CE227A0FED5 /* UthmanicHafs.ttf */,
			);
			path = Resources;
			sourceTree = "<group>";
		};
		E7765FE3C400A4D239818254 /* Sakina */ = {
			isa = PBXGroup;
			children = (
				639A88F7E8B51C2FA83BF1DE /* Places */,
				872E58719536D39601DD555E /* Goals */,
				FDC7C33EE9BD89763D8B6372 /* Assets.xcassets */,
				4E8F6FBD6690F33853748BD8 /* Info.plist */,
				1A0F3FA0D5540DA7C77D239B /* PrivacyInfo.xcprivacy */,
				EE11737D69D6C70B0031887F /* Sakina.entitlements */,
				186B83C6E2C60F40225AE1F5 /* Account */,
				70DD59E3CD4DD2A34F3BCD38 /* App */,
				38A2A38FC8AA0501536C7A44 /* Audio */,
				B8948ECB5F0BE6D477479CF1 /* Duas */,
				B89397B5429CF38946FA3E34 /* Models */,
				F6D4A366534981F77CE9E6AB /* Prayer */,
				A354EE3BD140BE82E6E1465C /* Qibla */,
				C05A71F312F6DAB97685A9B7 /* Resources */,
				61AE7423F7D60F869780E3C5 /* Scholar */,
				19812B5D9562EE1E59EDEA0C /* Theme */,
				F45288AA0AD4613F94CA2847 /* Views */,
			);
			path = Sakina;
			sourceTree = "<group>";
		};
		F45288AA0AD4613F94CA2847 /* Views */ = {
			isa = PBXGroup;
			children = (
				FFC51FFE16AFA094EEA98311 /* SupportView.swift */,
				C94B8B0D7FA881C025CBEEAA /* AboutView.swift */,
				557A901947C3D7EC37E32441 /* BreathingView.swift */,
				A3CE619CAE16BAEE05A6B2E7 /* CompanionWidgetGallery.swift */,
				5B41F0AE307F238DAE7968EB /* ExploreView.swift */,
				55F91CDE5E2E74882DCDCBEB /* HomeView.swift */,
				FDD2FB965151F6ABFB349296 /* LibraryView.swift */,
				11E64B3D2B2CFAC3B5817B80 /* PrivacyPolicyView.swift */,
				477A197493D3A21DDCD93754 /* QuickGuidanceView.swift */,
				8FF1EF6DFE596B4EFA06E760 /* SettingsView.swift */,
				35A7453DBF8D8E09E7E9D456 /* SituationDetailView.swift */,
			);
			path = Views;
			sourceTree = "<group>";
		};
		F6D4A366534981F77CE9E6AB /* Prayer */ = {
			isa = PBXGroup;
			children = (
				3060B4B44BD6373F6EFD9309 /* PrayerCalculationSettings.swift */,
				349FECB8CEDBA04B288591DB /* PrayerLocationService.swift */,
				C987C3A68109AC009EEBE541 /* PrayerTimesService.swift */,
			);
			path = Prayer;
			sourceTree = "<group>";
		};
		872E58719536D39601DD555E /* Goals */ = {
			isa = PBXGroup;
			children = (
				55AF880D953C5A934ED02E3B /* DailyGoalsView.swift */,
				B2E6EF8B02F2D7E65B31AF51 /* DailyGoals.swift */,
			);
			path = Goals;
			sourceTree = "<group>";
		};
		639A88F7E8B51C2FA83BF1DE /* Places */ = {
			isa = PBXGroup;
			children = (
				5C0E22951738888CDF77C1B0 /* NearbyPlacesView.swift */,
				7193F35EB028C006F850B94A /* NearbyPlacesService.swift */,
			);
			path = Places;
			sourceTree = "<group>";
		};
/* End PBXGroup section */

/* Begin PBXNativeTarget section */
		6E91B7AE2EB9535123CA80A8 /* SakinaTests */ = {
			isa = PBXNativeTarget;
			buildConfigurationList = 75BD76CD154A853A3CDF58D9 /* Build configuration list for PBXNativeTarget "SakinaTests" */;
			buildPhases = (
				0BBF67A7735B105B6930A271 /* Sources */,
			);
			buildRules = (
			);
			dependencies = (
				092B346D9FDEF24E4D34B7BD /* PBXTargetDependency */,
			);
			name = SakinaTests;
			packageProductDependencies = (
			);
			productName = SakinaTests;
			productReference = F7B3A51A46FABC829AB83F94 /* SakinaTests.xctest */;
			productType = "com.apple.product-type.bundle.unit-test";
		};
		7D955DD9E5580C5B48EA8329 /* Sakina */ = {
			isa = PBXNativeTarget;
			buildConfigurationList = 6D6405990C6D7BBD03B1D58E /* Build configuration list for PBXNativeTarget "Sakina" */;
			buildPhases = (
				FAA20BA8A79231457ADE6F50 /* Sources */,
				DD6231B5458C8E9918794B0A /* Resources */,
				5D35E90D29A47504F1B306B2 /* Frameworks */,
				480B0EC1388777D732A6BA51 /* Embed Foundation Extensions */,
			);
			buildRules = (
			);
			dependencies = (
				B218D1102945DE83129CBF8B /* PBXTargetDependency */,
			);
			name = Sakina;
			packageProductDependencies = (
				0F060E45073BCF3C5CC7AB57 /* Adhan */,
				10800182FDA9B6D0BF263424 /* GoogleSignIn */,
				B83F0981032609DC4C4FFCD8 /* GoogleSignInSwift */,
				01E426943204DBE8911B1492 /* Supabase */,
			);
			productName = Sakina;
			productReference = 255BBB08ACC101A1DC06AEAF /* Sakina.app */;
			productType = "com.apple.product-type.application";
		};
		CD6C6F3D7C0E02CBAA99F657 /* SakinaWidget */ = {
			isa = PBXNativeTarget;
			buildConfigurationList = 79E1ABFC5FB647538B94EEB2 /* Build configuration list for PBXNativeTarget "SakinaWidget" */;
			buildPhases = (
				EC3586B0712A9D228880EE96 /* Sources */,
				C99E8D33CF744C216753ADC1 /* Resources */,
			);
			buildRules = (
			);
			dependencies = (
			);
			name = SakinaWidget;
			packageProductDependencies = (
			);
			productName = SakinaWidget;
			productReference = B413F95EBD77CF107DB7E169 /* SakinaWidget.appex */;
			productType = "com.apple.product-type.app-extension";
		};
/* End PBXNativeTarget section */

/* Begin PBXProject section */
		88899939C2BB8C3FE39552E4 /* Project object */ = {
			isa = PBXProject;
			attributes = {
				BuildIndependentTargetsInParallel = YES;
				LastUpgradeCheck = 1430;
				TargetAttributes = {
					6E91B7AE2EB9535123CA80A8 = {
						DevelopmentTeam = U9Z36KR28N;
						ProvisioningStyle = Automatic;
					};
					7D955DD9E5580C5B48EA8329 = {
						DevelopmentTeam = U9Z36KR28N;
						ProvisioningStyle = Automatic;
					};
					CD6C6F3D7C0E02CBAA99F657 = {
						DevelopmentTeam = U9Z36KR28N;
						ProvisioningStyle = Automatic;
					};
				};
			};
			buildConfigurationList = 0FAEC3C2AC2C0F5079326AEB /* Build configuration list for PBXProject "Sakina" */;
			developmentRegion = en;
			hasScannedForEncodings = 0;
			knownRegions = (
				Base,
				en,
			);
			mainGroup = B93F6325AA3519B8C0B38F26;
			minimizedProjectReferenceProxies = 1;
			packageReferences = (
				E96C0DE82703550F58D2C86D /* XCRemoteSwiftPackageReference "adhan-swift" */,
				C9F8C116EEA0F6076EAD49A6 /* XCRemoteSwiftPackageReference "GoogleSignIn-iOS" */,
				E973CF9BD784E2244259B592 /* XCRemoteSwiftPackageReference "supabase-swift" */,
			);
			preferredProjectObjectVersion = 77;
			productRefGroup = 7138DB978D217575B65C56EE /* Products */;
			projectDirPath = "";
			projectRoot = "";
			targets = (
				7D955DD9E5580C5B48EA8329 /* Sakina */,
				CD6C6F3D7C0E02CBAA99F657 /* SakinaWidget */,
				6E91B7AE2EB9535123CA80A8 /* SakinaTests */,
			);
		};
/* End PBXProject section */

/* Begin PBXResourcesBuildPhase section */
		C99E8D33CF744C216753ADC1 /* Resources */ = {
			isa = PBXResourcesBuildPhase;
			buildActionMask = 2147483647;
			files = (
				8C11CCF6BDB0B07CEAD67CDD /* CompanionAssets.xcassets in Resources */,
				7E8760BCABA877D3F3AE7EB9 /* PrivacyInfo.xcprivacy in Resources */,
				16D963BDEF9A32A7B3F33C6A /* UthmanicHafs.ttf in Resources */,
				0CBD9F38F6BEFD9E82290F7A /* verses.json in Resources */,
			);
			runOnlyForDeploymentPostprocessing = 0;
		};
		DD6231B5458C8E9918794B0A /* Resources */ = {
			isa = PBXResourcesBuildPhase;
			buildActionMask = 2147483647;
			files = (
				890C7E4721106661A6EB936F /* ruqyah.json in Resources */,
				CA714A7FBE9A2C7C722B70C5 /* AppIcon60x60@2x.png in Resources */,
				70DC51EA2A8BCFC5ECB8AD92 /* AppIcon60x60@3x.png in Resources */,
				16303560416EC40292C59EB7 /* AppIcon76x76@2x.png in Resources */,
				2D8BFED61C68743DC6421C01 /* Assets.xcassets in Resources */,
				156DA27CE4DA3D672C56EC75 /* CompanionAssets.xcassets in Resources */,
				59C265587864E6B12F96815F /* PrivacyInfo.xcprivacy in Resources */,
				5406EED7179563DE79A5EC33 /* UthmanicHafs.ttf in Resources */,
				1209500D8182761B7E34CCF4 /* verses.json in Resources */,
			);
			runOnlyForDeploymentPostprocessing = 0;
		};
/* End PBXResourcesBuildPhase section */

/* Begin PBXSourcesBuildPhase section */
		0BBF67A7735B105B6930A271 /* Sources */ = {
			isa = PBXSourcesBuildPhase;
			buildActionMask = 2147483647;
			files = (
				2B2C96A6903E9C8219325E58 /* ContentIntegrityTests.swift in Sources */,
				F80D8D20BAECC03475FEA5C4 /* DuaCollectionTests.swift in Sources */,
				16D59498864A90DB031B8E7E /* QiblaDirectionTests.swift in Sources */,
				568D600BA3A5C94E10F3994C /* ScholarContentTests.swift in Sources */,
			);
			runOnlyForDeploymentPostprocessing = 0;
		};
		EC3586B0712A9D228880EE96 /* Sources */ = {
			isa = PBXSourcesBuildPhase;
			buildActionMask = 2147483647;
			files = (
				E2D24FAD8D7A59B7B638A8B3 /* CompanionArtwork.swift in Sources */,
				5B9AC312B431D661FD5E8C90 /* CompanionWidgetCards.swift in Sources */,
				110248806F05C890C56B77DD /* PrayerSchedule.swift in Sources */,
				A44FE29C785FF1A9E28099B8 /* QuranCatalog.swift in Sources */,
				11CC438772F912B44768F2F4 /* SakinaWidgets.swift in Sources */,
				4EB66C91A5D3E7238FE723D6 /* SharedStore.swift in Sources */,
			);
			runOnlyForDeploymentPostprocessing = 0;
		};
		FAA20BA8A79231457ADE6F50 /* Sources */ = {
			isa = PBXSourcesBuildPhase;
			buildActionMask = 2147483647;
			files = (
				FCA3976C1D60CD8BF51624F6 /* RuqyahView.swift in Sources */,
				11CA701C23621A1A10CF2229 /* RuqyahCatalog.swift in Sources */,
				81096E8FC0B3255A906CFAA9 /* NearbyPlacesView.swift in Sources */,
				93831208CEBBDA06F81B6CA2 /* NearbyPlacesService.swift in Sources */,
				42F7A4103BBA37AE8D50266F /* AdhkarBenefitsView.swift in Sources */,
				2AC029276CDF3F89448161BC /* DhikrCounterView.swift in Sources */,
				9A10540E6E4A584FBBAFE3B5 /* DhikrCatalog.swift in Sources */,
				9CA187197D602825117FF6C2 /* DailyGoalsView.swift in Sources */,
				84684F61CB728D5EDCC09E51 /* DailyGoals.swift in Sources */,
				C75554E6F033D6F8E5259D27 /* SupportView.swift in Sources */,
				E7CEC14CCD05B705BA4E80C8 /* Haptics.swift in Sources */,
				E4DACF7F33F1A2DEB05EC6D9 /* AboutView.swift in Sources */,
				1E9208D4490881F96B16D13D /* AppSettings.swift in Sources */,
				83D618E0890F94D7DB94867F /* ArabicReflections.swift in Sources */,
				471C79CC21262DCFA4962856 /* BreathingView.swift in Sources */,
				58FF3A0DE71CD13F5C7D66B9 /* CompanionArtwork.swift in Sources */,
				CF47832DDAA9B7075F2E7130 /* CompanionArtworkMapping.swift in Sources */,
				C384438352BFFCFCC2C38EB3 /* CompanionContent.swift in Sources */,
				67F08D235D2815305D03F12B /* CompanionWidgetCards.swift in Sources */,
				BD511CF0AC2E359324B67CDB /* CompanionWidgetGallery.swift in Sources */,
				7DD514C94AA2A362C6DE0731 /* Components.swift in Sources */,
				379837A0AA2806F70FD91E22 /* DailyDuaCatalog.swift in Sources */,
				009E33C126D7AEEB5A268520 /* DuaCollection.swift in Sources */,
				5CAB6A5F33D61E18312979C2 /* DuaLibrary.swift in Sources */,
				9BA840A2747C4EAC1F7B805A /* DuaPresentation.swift in Sources */,
				AD738641AE3454FF9383E46B /* DuaReaderView.swift in Sources */,
				E2BC353A88E69833E434C15B /* DuasView.swift in Sources */,
				BDF6F3021D497B78102FB283 /* ExploreView.swift in Sources */,
				DA77BC635BEA8E048D1DDC66 /* GoogleBackupService.swift in Sources */,
				111B6C1F045304D740B55DC7 /* GuidanceCatalog.swift in Sources */,
				DD280C7AC1C63868430E5874 /* HomeView.swift in Sources */,
				79273DED802F044CF9428D97 /* LibraryView.swift in Sources */,
				4D70BE50D9B47BF3AB5843AF /* Localization.swift in Sources */,
				E0B50D5BB80B49CFA2EBF852 /* NamesOfAllahView.swift in Sources */,
				F135024E94DDFFB6602F722F /* OttomanGeometry.swift in Sources */,
				29EEFD99CD5E085538793E95 /* PersistenceModels.swift in Sources */,
				C062B0C6C0C5CE56004D2E2F /* PrayerCalculationSettings.swift in Sources */,
				26A57449A3396F90FF00842A /* PrayerLocationService.swift in Sources */,
				8B6355859F8D0E0D156095E9 /* PrayerSchedule.swift in Sources */,
				6E0433F59FDE9E36B2E01F07 /* PrayerTimesService.swift in Sources */,
				D937F68B8E4C477254790CC9 /* PrivacyPolicyView.swift in Sources */,
				F4441890D4E6E2D3A5348B81 /* QiblaCompassModel.swift in Sources */,
				C6B197E993237A5EDB41F6A3 /* QiblaDirection.swift in Sources */,
				C859161F9ABFE845E8F2E8F6 /* QiblaView.swift in Sources */,
				FC618310ADF2D46E9E79D12B /* QuickGuidanceView.swift in Sources */,
				2905A9C05FE88ACD92AB75D9 /* QuranCatalog.swift in Sources */,
				40B7AFEE220FCE3C7A84CCDB /* RecitationPlayer.swift in Sources */,
				0AD058C17BC3CA58BFF0DF87 /* SakinaApp.swift in Sources */,
				800B415CD53A20B17B287BB0 /* ScholarAvatarView.swift in Sources */,
				155AE33DAB0F405084AC926E /* ScholarContentService.swift in Sources */,
				265ED6CE70F604491EF637A1 /* ScholarContentStore.swift in Sources */,
				1B51CB64DCB8D7865F516D44 /* ScholarInsightCard.swift in Sources */,
				3CDC9F223DD539C3873EC49B /* ScholarModels.swift in Sources */,
				5D27632C32DE06E810E1DF0C /* ScholarProfileView.swift in Sources */,
				CB93F143A65EAF05B9EDBEB9 /* SettingsView.swift in Sources */,
				4E8C30F6F671A365AFCA22A9 /* SharedStore.swift in Sources */,
				8B027AC65EB41B1F2D2B4DC9 /* SituationDetailView.swift in Sources */,
				313752037AA3D4F16064F2C0 /* Theme.swift in Sources */,
				CD867DF0AB8B4477C9E07412 /* YaqeenAppIntents.swift in Sources */,
			);
			runOnlyForDeploymentPostprocessing = 0;
		};
/* End PBXSourcesBuildPhase section */

/* Begin PBXTargetDependency section */
		092B346D9FDEF24E4D34B7BD /* PBXTargetDependency */ = {
			isa = PBXTargetDependency;
			target = 7D955DD9E5580C5B48EA8329 /* Sakina */;
			targetProxy = 5137B19C9884C0FAB93F8B8D /* PBXContainerItemProxy */;
		};
		B218D1102945DE83129CBF8B /* PBXTargetDependency */ = {
			isa = PBXTargetDependency;
			target = CD6C6F3D7C0E02CBAA99F657 /* SakinaWidget */;
			targetProxy = 374471ED96F6BD4F208F4033 /* PBXContainerItemProxy */;
		};
/* End PBXTargetDependency section */

/* Begin XCBuildConfiguration section */
		1CBC795116282FC60F2C94C1 /* Release */ = {
			isa = XCBuildConfiguration;
			buildSettings = {
				BUNDLE_LOADER = "$(TEST_HOST)";
				GENERATE_INFOPLIST_FILE = YES;
				LD_RUNPATH_SEARCH_PATHS = (
					"$(inherited)",
					"@executable_path/Frameworks",
					"@loader_path/Frameworks",
				);
				PRODUCT_BUNDLE_IDENTIFIER = com.islamsharaf.sakina.tests;
				SDKROOT = iphoneos;
				TARGETED_DEVICE_FAMILY = "1,2";
				TEST_HOST = "$(BUILT_PRODUCTS_DIR)/Sakina.app/Sakina";
			};
			name = Release;
		};
		33E122F9807FB81FD3C1D15F /* Debug */ = {
			isa = XCBuildConfiguration;
			buildSettings = {
				BUNDLE_LOADER = "$(TEST_HOST)";
				GENERATE_INFOPLIST_FILE = YES;
				LD_RUNPATH_SEARCH_PATHS = (
					"$(inherited)",
					"@executable_path/Frameworks",
					"@loader_path/Frameworks",
				);
				PRODUCT_BUNDLE_IDENTIFIER = com.islamsharaf.sakina.tests;
				SDKROOT = iphoneos;
				TARGETED_DEVICE_FAMILY = "1,2";
				TEST_HOST = "$(BUILT_PRODUCTS_DIR)/Sakina.app/Sakina";
			};
			name = Debug;
		};
		480FA61F6743D1620164522F /* Release */ = {
			isa = XCBuildConfiguration;
			buildSettings = {
				ALWAYS_SEARCH_USER_PATHS = NO;
				CLANG_ANALYZER_NONNULL = YES;
				CLANG_ANALYZER_NUMBER_OBJECT_CONVERSION = YES_AGGRESSIVE;
				CLANG_CXX_LANGUAGE_STANDARD = "gnu++14";
				CLANG_CXX_LIBRARY = "libc++";
				CLANG_ENABLE_MODULES = YES;
				CLANG_ENABLE_OBJC_ARC = YES;
				CLANG_ENABLE_OBJC_WEAK = YES;
				CLANG_WARN_BLOCK_CAPTURE_AUTORELEASING = YES;
				CLANG_WARN_BOOL_CONVERSION = YES;
				CLANG_WARN_COMMA = YES;
				CLANG_WARN_CONSTANT_CONVERSION = YES;
				CLANG_WARN_DEPRECATED_OBJC_IMPLEMENTATIONS = YES;
				CLANG_WARN_DIRECT_OBJC_ISA_USAGE = YES_ERROR;
				CLANG_WARN_DOCUMENTATION_COMMENTS = YES;
				CLANG_WARN_EMPTY_BODY = YES;
				CLANG_WARN_ENUM_CONVERSION = YES;
				CLANG_WARN_INFINITE_RECURSION = YES;
				CLANG_WARN_INT_CONVERSION = YES;
				CLANG_WARN_NON_LITERAL_NULL_CONVERSION = YES;
				CLANG_WARN_OBJC_IMPLICIT_RETAIN_SELF = YES;
				CLANG_WARN_OBJC_LITERAL_CONVERSION = YES;
				CLANG_WARN_OBJC_ROOT_CLASS = YES_ERROR;
				CLANG_WARN_QUOTED_INCLUDE_IN_FRAMEWORK_HEADER = YES;
				CLANG_WARN_RANGE_LOOP_ANALYSIS = YES;
				CLANG_WARN_STRICT_PROTOTYPES = YES;
				CLANG_WARN_SUSPICIOUS_MOVE = YES;
				CLANG_WARN_UNGUARDED_AVAILABILITY = YES_AGGRESSIVE;
				CLANG_WARN_UNREACHABLE_CODE = YES;
				CLANG_WARN__DUPLICATE_METHOD_MATCH = YES;
				CODE_SIGN_STYLE = Automatic;
				COPY_PHASE_STRIP = NO;
				CURRENT_PROJECT_VERSION = 1;
				DEBUG_INFORMATION_FORMAT = "dwarf-with-dsym";
				DEVELOPMENT_TEAM = U9Z36KR28N;
				ENABLE_NS_ASSERTIONS = NO;
				ENABLE_STRICT_OBJC_MSGSEND = YES;
				GCC_C_LANGUAGE_STANDARD = gnu11;
				GCC_NO_COMMON_BLOCKS = YES;
				GCC_WARN_64_TO_32_BIT_CONVERSION = YES;
				GCC_WARN_ABOUT_RETURN_TYPE = YES_ERROR;
				GCC_WARN_UNDECLARED_SELECTOR = YES;
				GCC_WARN_UNINITIALIZED_AUTOS = YES_AGGRESSIVE;
				GCC_WARN_UNUSED_FUNCTION = YES;
				GCC_WARN_UNUSED_VARIABLE = YES;
				IPHONEOS_DEPLOYMENT_TARGET = 17.0;
				MARKETING_VERSION = 1.0;
				MTL_ENABLE_DEBUG_INFO = NO;
				MTL_FAST_MATH = YES;
				PRODUCT_NAME = "$(TARGET_NAME)";
				SDKROOT = iphoneos;
				SWIFT_COMPILATION_MODE = wholemodule;
				SWIFT_OPTIMIZATION_LEVEL = "-O";
				SWIFT_VERSION = 5.0;
				TARGETED_DEVICE_FAMILY = 1;
				YAQEEN_SCHOLAR_SUPABASE_PUBLISHABLE_KEY = "";
				YAQEEN_SCHOLAR_SUPABASE_URL = "";
			};
			name = Release;
		};
		560B33401A93AB077940E117 /* Debug */ = {
			isa = XCBuildConfiguration;
			buildSettings = {
				CODE_SIGN_ENTITLEMENTS = SakinaWidget/SakinaWidget.entitlements;
				INFOPLIST_FILE = SakinaWidget/Info.plist;
				LD_RUNPATH_SEARCH_PATHS = (
					"$(inherited)",
					"@executable_path/Frameworks",
					"@executable_path/../../Frameworks",
				);
				PRODUCT_BUNDLE_IDENTIFIER = com.islamsharaf.sakina.widget;
				SDKROOT = iphoneos;
				SKIP_INSTALL = YES;
				TARGETED_DEVICE_FAMILY = 1;
			};
			name = Debug;
		};
		83E71738113BB1B9BE47143C /* Debug */ = {
			isa = XCBuildConfiguration;
			buildSettings = {
				ALWAYS_SEARCH_USER_PATHS = NO;
				CLANG_ANALYZER_NONNULL = YES;
				CLANG_ANALYZER_NUMBER_OBJECT_CONVERSION = YES_AGGRESSIVE;
				CLANG_CXX_LANGUAGE_STANDARD = "gnu++14";
				CLANG_CXX_LIBRARY = "libc++";
				CLANG_ENABLE_MODULES = YES;
				CLANG_ENABLE_OBJC_ARC = YES;
				CLANG_ENABLE_OBJC_WEAK = YES;
				CLANG_WARN_BLOCK_CAPTURE_AUTORELEASING = YES;
				CLANG_WARN_BOOL_CONVERSION = YES;
				CLANG_WARN_COMMA = YES;
				CLANG_WARN_CONSTANT_CONVERSION = YES;
				CLANG_WARN_DEPRECATED_OBJC_IMPLEMENTATIONS = YES;
				CLANG_WARN_DIRECT_OBJC_ISA_USAGE = YES_ERROR;
				CLANG_WARN_DOCUMENTATION_COMMENTS = YES;
				CLANG_WARN_EMPTY_BODY = YES;
				CLANG_WARN_ENUM_CONVERSION = YES;
				CLANG_WARN_INFINITE_RECURSION = YES;
				CLANG_WARN_INT_CONVERSION = YES;
				CLANG_WARN_NON_LITERAL_NULL_CONVERSION = YES;
				CLANG_WARN_OBJC_IMPLICIT_RETAIN_SELF = YES;
				CLANG_WARN_OBJC_LITERAL_CONVERSION = YES;
				CLANG_WARN_OBJC_ROOT_CLASS = YES_ERROR;
				CLANG_WARN_QUOTED_INCLUDE_IN_FRAMEWORK_HEADER = YES;
				CLANG_WARN_RANGE_LOOP_ANALYSIS = YES;
				CLANG_WARN_STRICT_PROTOTYPES = YES;
				CLANG_WARN_SUSPICIOUS_MOVE = YES;
				CLANG_WARN_UNGUARDED_AVAILABILITY = YES_AGGRESSIVE;
				CLANG_WARN_UNREACHABLE_CODE = YES;
				CLANG_WARN__DUPLICATE_METHOD_MATCH = YES;
				CODE_SIGN_STYLE = Automatic;
				COPY_PHASE_STRIP = NO;
				CURRENT_PROJECT_VERSION = 1;
				DEBUG_INFORMATION_FORMAT = dwarf;
				DEVELOPMENT_TEAM = U9Z36KR28N;
				ENABLE_STRICT_OBJC_MSGSEND = YES;
				ENABLE_TESTABILITY = YES;
				GCC_C_LANGUAGE_STANDARD = gnu11;
				GCC_DYNAMIC_NO_PIC = NO;
				GCC_NO_COMMON_BLOCKS = YES;
				GCC_OPTIMIZATION_LEVEL = 0;
				GCC_PREPROCESSOR_DEFINITIONS = (
					"$(inherited)",
					"DEBUG=1",
				);
				GCC_WARN_64_TO_32_BIT_CONVERSION = YES;
				GCC_WARN_ABOUT_RETURN_TYPE = YES_ERROR;
				GCC_WARN_UNDECLARED_SELECTOR = YES;
				GCC_WARN_UNINITIALIZED_AUTOS = YES_AGGRESSIVE;
				GCC_WARN_UNUSED_FUNCTION = YES;
				GCC_WARN_UNUSED_VARIABLE = YES;
				IPHONEOS_DEPLOYMENT_TARGET = 17.0;
				MARKETING_VERSION = 1.0;
				MTL_ENABLE_DEBUG_INFO = INCLUDE_SOURCE;
				MTL_FAST_MATH = YES;
				ONLY_ACTIVE_ARCH = YES;
				PRODUCT_NAME = "$(TARGET_NAME)";
				SDKROOT = iphoneos;
				SWIFT_ACTIVE_COMPILATION_CONDITIONS = DEBUG;
				SWIFT_OPTIMIZATION_LEVEL = "-Onone";
				SWIFT_VERSION = 5.0;
				TARGETED_DEVICE_FAMILY = 1;
				YAQEEN_SCHOLAR_SUPABASE_PUBLISHABLE_KEY = "";
				YAQEEN_SCHOLAR_SUPABASE_URL = "";
			};
			name = Debug;
		};
		B06C9A99152E194E3D87F3AB /* Release */ = {
			isa = XCBuildConfiguration;
			buildSettings = {
				CODE_SIGN_ENTITLEMENTS = SakinaWidget/SakinaWidget.entitlements;
				INFOPLIST_FILE = SakinaWidget/Info.plist;
				LD_RUNPATH_SEARCH_PATHS = (
					"$(inherited)",
					"@executable_path/Frameworks",
					"@executable_path/../../Frameworks",
				);
				PRODUCT_BUNDLE_IDENTIFIER = com.islamsharaf.sakina.widget;
				SDKROOT = iphoneos;
				SKIP_INSTALL = YES;
				TARGETED_DEVICE_FAMILY = 1;
			};
			name = Release;
		};
		BDDE2C3A371C622CC26C0E89 /* Debug */ = {
			isa = XCBuildConfiguration;
			buildSettings = {
				ASSETCATALOG_COMPILER_APPICON_NAME = AppIcon;
				CODE_SIGN_ENTITLEMENTS = Sakina/Sakina.entitlements;
				CODE_SIGN_IDENTITY = "iPhone Developer";
				INFOPLIST_FILE = Sakina/Info.plist;
				LD_RUNPATH_SEARCH_PATHS = (
					"$(inherited)",
					"@executable_path/Frameworks",
				);
				PRODUCT_BUNDLE_IDENTIFIER = com.islamsharaf.sakina;
				SDKROOT = iphoneos;
				TARGETED_DEVICE_FAMILY = 1;
			};
			name = Debug;
		};
		D95567E6B16D55E6781E6062 /* Release */ = {
			isa = XCBuildConfiguration;
			buildSettings = {
				ASSETCATALOG_COMPILER_APPICON_NAME = AppIcon;
				CODE_SIGN_ENTITLEMENTS = Sakina/Sakina.entitlements;
				CODE_SIGN_IDENTITY = "iPhone Developer";
				INFOPLIST_FILE = Sakina/Info.plist;
				LD_RUNPATH_SEARCH_PATHS = (
					"$(inherited)",
					"@executable_path/Frameworks",
				);
				PRODUCT_BUNDLE_IDENTIFIER = com.islamsharaf.sakina;
				SDKROOT = iphoneos;
				TARGETED_DEVICE_FAMILY = 1;
			};
			name = Release;
		};
/* End XCBuildConfiguration section */

/* Begin XCConfigurationList section */
		0FAEC3C2AC2C0F5079326AEB /* Build configuration list for PBXProject "Sakina" */ = {
			isa = XCConfigurationList;
			buildConfigurations = (
				83E71738113BB1B9BE47143C /* Debug */,
				480FA61F6743D1620164522F /* Release */,
			);
			defaultConfigurationIsVisible = 0;
			defaultConfigurationName = Debug;
		};
		6D6405990C6D7BBD03B1D58E /* Build configuration list for PBXNativeTarget "Sakina" */ = {
			isa = XCConfigurationList;
			buildConfigurations = (
				BDDE2C3A371C622CC26C0E89 /* Debug */,
				D95567E6B16D55E6781E6062 /* Release */,
			);
			defaultConfigurationIsVisible = 0;
			defaultConfigurationName = Debug;
		};
		75BD76CD154A853A3CDF58D9 /* Build configuration list for PBXNativeTarget "SakinaTests" */ = {
			isa = XCConfigurationList;
			buildConfigurations = (
				33E122F9807FB81FD3C1D15F /* Debug */,
				1CBC795116282FC60F2C94C1 /* Release */,
			);
			defaultConfigurationIsVisible = 0;
			defaultConfigurationName = Debug;
		};
		79E1ABFC5FB647538B94EEB2 /* Build configuration list for PBXNativeTarget "SakinaWidget" */ = {
			isa = XCConfigurationList;
			buildConfigurations = (
				560B33401A93AB077940E117 /* Debug */,
				B06C9A99152E194E3D87F3AB /* Release */,
			);
			defaultConfigurationIsVisible = 0;
			defaultConfigurationName = Debug;
		};
/* End XCConfigurationList section */

/* Begin XCRemoteSwiftPackageReference section */
		C9F8C116EEA0F6076EAD49A6 /* XCRemoteSwiftPackageReference "GoogleSignIn-iOS" */ = {
			isa = XCRemoteSwiftPackageReference;
			repositoryURL = "https://github.com/google/GoogleSignIn-iOS.git";
			requirement = {
				kind = upToNextMajorVersion;
				minimumVersion = 9.0.0;
			};
		};
		E96C0DE82703550F58D2C86D /* XCRemoteSwiftPackageReference "adhan-swift" */ = {
			isa = XCRemoteSwiftPackageReference;
			repositoryURL = "https://github.com/batoulapps/adhan-swift.git";
			requirement = {
				kind = upToNextMajorVersion;
				minimumVersion = 1.5.0;
			};
		};
		E973CF9BD784E2244259B592 /* XCRemoteSwiftPackageReference "supabase-swift" */ = {
			isa = XCRemoteSwiftPackageReference;
			repositoryURL = "https://github.com/supabase/supabase-swift.git";
			requirement = {
				kind = upToNextMajorVersion;
				minimumVersion = 2.46.0;
			};
		};
/* End XCRemoteSwiftPackageReference section */

/* Begin XCSwiftPackageProductDependency section */
		01E426943204DBE8911B1492 /* Supabase */ = {
			isa = XCSwiftPackageProductDependency;
			package = E973CF9BD784E2244259B592 /* XCRemoteSwiftPackageReference "supabase-swift" */;
			productName = Supabase;
		};
		0F060E45073BCF3C5CC7AB57 /* Adhan */ = {
			isa = XCSwiftPackageProductDependency;
			package = E96C0DE82703550F58D2C86D /* XCRemoteSwiftPackageReference "adhan-swift" */;
			productName = Adhan;
		};
		10800182FDA9B6D0BF263424 /* GoogleSignIn */ = {
			isa = XCSwiftPackageProductDependency;
			package = C9F8C116EEA0F6076EAD49A6 /* XCRemoteSwiftPackageReference "GoogleSignIn-iOS" */;
			productName = GoogleSignIn;
		};
		B83F0981032609DC4C4FFCD8 /* GoogleSignInSwift */ = {
			isa = XCSwiftPackageProductDependency;
			package = C9F8C116EEA0F6076EAD49A6 /* XCRemoteSwiftPackageReference "GoogleSignIn-iOS" */;
			productName = GoogleSignInSwift;
		};
/* End XCSwiftPackageProductDependency section */
	};
	rootObject = 88899939C2BB8C3FE39552E4 /* Project object */;
}
